
Microsoft Visual Studio Solution File, Format Version 12.00
# Visual Studio 15
VisualStudioVersion = 15.0.27130.2036
MinimumVisualStudioVersion = 10.0.40219.1
Project("{FAE04EC0-301F-11D3-BF4B-00C04F79EFBC}") = "XV2Lib", "XV2Lib\XV2Lib.csproj", "{5039F384-DB97-42FB-A2C4-BA2F473AA72E}"
EndProject
Project("{FAE04EC0-301F-11D3-BF4B-00C04F79EFBC}") = "MSGEditor", "MSGEditor\MSGEditor.csproj", "{C0BD1A01-E6A5-4B13-9F4F-CF3208AE12C3}"
	ProjectSection(ProjectDependencies) = postProject
		{5039F384-DB97-42FB-A2C4-BA2F473AA72E} = {5039F384-DB97-42FB-A2C4-BA2F473AA72E}
	EndProjectSection
EndProject
Project("{FAE04EC0-301F-11D3-BF4B-00C04F79EFBC}") = "Settings", "Settings\Settings.csproj", "{4D15D5FC-E254-4B4F-AFDD-521457DB1A00}"
EndProject
Project("{FAE04EC0-301F-11D3-BF4B-00C04F79EFBC}") = "CSOEditor", "CSOEditor\CSOEditor.csproj", "{BAE66169-630C-49BF-9B5F-BCF429F834D7}"
EndProject
Project("{FAE04EC0-301F-11D3-BF4B-00C04F79EFBC}") = "CMSEditor", "CMSEditor\CMSEditor.csproj", "{2B616CD4-06F6-4C8A-A9EB-2E0A5D6DCDC1}"
EndProject
Project("{FAE04EC0-301F-11D3-BF4B-00C04F79EFBC}") = "CUSEditor", "CUSEditor\CUSEditor.csproj", "{E58F1B65-0461-425F-BA02-79757D457E72}"
EndProject
Project("{FAE04EC0-301F-11D3-BF4B-00C04F79EFBC}") = "AGDEditor", "..\AGDEditor\AGDEditor\AGDEditor.csproj", "{5997C5AB-1EBB-4CCB-A6D8-4589158F50B4}"
EndProject
Project("{FAE04EC0-301F-11D3-BF4B-00C04F79EFBC}") = "Test", "Test\Test.csproj", "{C6CD7923-BC0C-4A24-A06B-75F7F7555E58}"
EndProject
Project("{FAE04EC0-301F-11D3-BF4B-00C04F79EFBC}") = "PSCEditor", "PSCEditor\PSCEditor.csproj", "{27E6854D-E803-4015-B9BC-AEDE5289A039}"
EndProject
Project("{FAE04EC0-301F-11D3-BF4B-00C04F79EFBC}") = "AUREditor", "AUREditor\AUREditor.csproj", "{BA1576E9-4221-411F-84B4-05E12C125EBB}"
EndProject
Project("{FAE04EC0-301F-11D3-BF4B-00C04F79EFBC}") = "XV2ListGeneratorCSV", "XV2ListGeneratorCSV\XV2ListGeneratorCSV.csproj", "{11C81754-EAC5-431A-A3F0-3E86745FB7AE}"
EndProject
Project("{FAE04EC0-301F-11D3-BF4B-00C04F79EFBC}") = "IDBEditor", "IDBEditor\IDBEditor.csproj", "{5078F8B8-2B6D-4345-8BFA-9D56FF7519E5}"
EndProject
Project("{FAE04EC0-301F-11D3-BF4B-00C04F79EFBC}") = "PartnerTool", "PartnerTool\PartnerTool.csproj", "{0B5801D4-5841-47BA-858C-EA800B356F3A}"
	ProjectSection(ProjectDependencies) = postProject
		{5039F384-DB97-42FB-A2C4-BA2F473AA72E} = {5039F384-DB97-42FB-A2C4-BA2F473AA72E}
	EndProjectSection
EndProject
Project("{FAE04EC0-301F-11D3-BF4B-00C04F79EFBC}") = "SelectScreenEditor", "SelectScreenEditor\SelectScreenEditor.csproj", "{BCBD0AF4-C7F8-4A7A-8EBE-333940603D0A}"
	ProjectSection(ProjectDependencies) = postProject
		{E8E2E010-DA59-4A99-8331-B986B84C0FD2} = {E8E2E010-DA59-4A99-8331-B986B84C0FD2}
		{5039F384-DB97-42FB-A2C4-BA2F473AA72E} = {5039F384-DB97-42FB-A2C4-BA2F473AA72E}
	EndProjectSection
EndProject
Project("{FAE04EC0-301F-11D3-BF4B-00C04F79EFBC}") = "DDSReader", "DDSReader\DDSReader.csproj", "{E8E2E010-DA59-4A99-8331-B986B84C0FD2}"
EndProject
Global
	GlobalSection(SolutionConfigurationPlatforms) = preSolution
		Debug|Any CPU = Debug|Any CPU
		Release|Any CPU = Release|Any CPU
	EndGlobalSection
	GlobalSection(ProjectConfigurationPlatforms) = postSolution
		{5039F384-DB97-42FB-A2C4-BA2F473AA72E}.Debug|Any CPU.ActiveCfg = Debug|Any CPU
		{5039F384-DB97-42FB-A2C4-BA2F473AA72E}.Debug|Any CPU.Build.0 = Debug|Any CPU
		{5039F384-DB97-42FB-A2C4-BA2F473AA72E}.Release|Any CPU.ActiveCfg = Release|Any CPU
		{5039F384-DB97-42FB-A2C4-BA2F473AA72E}.Release|Any CPU.Build.0 = Release|Any CPU
		{C0BD1A01-E6A5-4B13-9F4F-CF3208AE12C3}.Debug|Any CPU.ActiveCfg = Debug|Any CPU
		{C0BD1A01-E6A5-4B13-9F4F-CF3208AE12C3}.Debug|Any CPU.Build.0 = Debug|Any CPU
		{C0BD1A01-E6A5-4B13-9F4F-CF3208AE12C3}.Release|Any CPU.ActiveCfg = Release|Any CPU
		{C0BD1A01-E6A5-4B13-9F4F-CF3208AE12C3}.Release|Any CPU.Build.0 = Release|Any CPU
		{4D15D5FC-E254-4B4F-AFDD-521457DB1A00}.Debug|Any CPU.ActiveCfg = Debug|Any CPU
		{4D15D5FC-E254-4B4F-AFDD-521457DB1A00}.Debug|Any CPU.Build.0 = Debug|Any CPU
		{4D15D5FC-E254-4B4F-AFDD-521457DB1A00}.Release|Any CPU.ActiveCfg = Release|Any CPU
		{4D15D5FC-E254-4B4F-AFDD-521457DB1A00}.Release|Any CPU.Build.0 = Release|Any CPU
		{BAE66169-630C-49BF-9B5F-BCF429F834D7}.Debug|Any CPU.ActiveCfg = Debug|Any CPU
		{BAE66169-630C-49BF-9B5F-BCF429F834D7}.Debug|Any CPU.Build.0 = Debug|Any CPU
		{BAE66169-630C-49BF-9B5F-BCF429F834D7}.Release|Any CPU.ActiveCfg = Release|Any CPU
		{BAE66169-630C-49BF-9B5F-BCF429F834D7}.Release|Any CPU.Build.0 = Release|Any CPU
		{2B616CD4-06F6-4C8A-A9EB-2E0A5D6DCDC1}.Debug|Any CPU.ActiveCfg = Debug|Any CPU
		{2B616CD4-06F6-4C8A-A9EB-2E0A5D6DCDC1}.Debug|Any CPU.Build.0 = Debug|Any CPU
		{2B616CD4-06F6-4C8A-A9EB-2E0A5D6DCDC1}.Release|Any CPU.ActiveCfg = Release|Any CPU
		{2B616CD4-06F6-4C8A-A9EB-2E0A5D6DCDC1}.Release|Any CPU.Build.0 = Release|Any CPU
		{E58F1B65-0461-425F-BA02-79757D457E72}.Debug|Any CPU.ActiveCfg = Debug|Any CPU
		{E58F1B65-0461-425F-BA02-79757D457E72}.Debug|Any CPU.Build.0 = Debug|Any CPU
		{E58F1B65-0461-425F-BA02-79757D457E72}.Release|Any CPU.ActiveCfg = Release|Any CPU
		{E58F1B65-0461-425F-BA02-79757D457E72}.Release|Any CPU.Build.0 = Release|Any CPU
		{5997C5AB-1EBB-4CCB-A6D8-4589158F50B4}.Debug|Any CPU.ActiveCfg = Debug|Any CPU
		{5997C5AB-1EBB-4CCB-A6D8-4589158F50B4}.Debug|Any CPU.Build.0 = Debug|Any CPU
		{5997C5AB-1EBB-4CCB-A6D8-4589158F50B4}.Release|Any CPU.ActiveCfg = Release|Any CPU
		{5997C5AB-1EBB-4CCB-A6D8-4589158F50B4}.Release|Any CPU.Build.0 = Release|Any CPU
		{C6CD7923-BC0C-4A24-A06B-75F7F7555E58}.Debug|Any CPU.ActiveCfg = Debug|Any CPU
		{C6CD7923-BC0C-4A24-A06B-75F7F7555E58}.Debug|Any CPU.Build.0 = Debug|Any CPU
		{C6CD7923-BC0C-4A24-A06B-75F7F7555E58}.Release|Any CPU.ActiveCfg = Release|Any CPU
		{C6CD7923-BC0C-4A24-A06B-75F7F7555E58}.Release|Any CPU.Build.0 = Release|Any CPU
		{27E6854D-E803-4015-B9BC-AEDE5289A039}.Debug|Any CPU.ActiveCfg = Debug|Any CPU
		{27E6854D-E803-4015-B9BC-AEDE5289A039}.Debug|Any CPU.Build.0 = Debug|Any CPU
		{27E6854D-E803-4015-B9BC-AEDE5289A039}.Release|Any CPU.ActiveCfg = Release|Any CPU
		{27E6854D-E803-4015-B9BC-AEDE5289A039}.Release|Any CPU.Build.0 = Release|Any CPU
		{BA1576E9-4221-411F-84B4-05E12C125EBB}.Debug|Any CPU.ActiveCfg = Debug|Any CPU
		{BA1576E9-4221-411F-84B4-05E12C125EBB}.Debug|Any CPU.Build.0 = Debug|Any CPU
		{BA1576E9-4221-411F-84B4-05E12C125EBB}.Release|Any CPU.ActiveCfg = Release|Any CPU
		{BA1576E9-4221-411F-84B4-05E12C125EBB}.Release|Any CPU.Build.0 = Release|Any CPU
		{11C81754-EAC5-431A-A3F0-3E86745FB7AE}.Debug|Any CPU.ActiveCfg = Debug|Any CPU
		{11C81754-EAC5-431A-A3F0-3E86745FB7AE}.Debug|Any CPU.Build.0 = Debug|Any CPU
		{11C81754-EAC5-431A-A3F0-3E86745FB7AE}.Release|Any CPU.ActiveCfg = Release|Any CPU
		{11C81754-EAC5-431A-A3F0-3E86745FB7AE}.Release|Any CPU.Build.0 = Release|Any CPU
		{5078F8B8-2B6D-4345-8BFA-9D56FF7519E5}.Debug|Any CPU.ActiveCfg = Debug|Any CPU
		{5078F8B8-2B6D-4345-8BFA-9D56FF7519E5}.Debug|Any CPU.Build.0 = Debug|Any CPU
		{5078F8B8-2B6D-4345-8BFA-9D56FF7519E5}.Release|Any CPU.ActiveCfg = Release|Any CPU
		{5078F8B8-2B6D-4345-8BFA-9D56FF7519E5}.Release|Any CPU.Build.0 = Release|Any CPU
		{0B5801D4-5841-47BA-858C-EA800B356F3A}.Debug|Any CPU.ActiveCfg = Debug|Any CPU
		{0B5801D4-5841-47BA-858C-EA800B356F3A}.Debug|Any CPU.Build.0 = Debug|Any CPU
		{0B5801D4-5841-47BA-858C-EA800B356F3A}.Release|Any CPU.ActiveCfg = Release|Any CPU
		{0B5801D4-5841-47BA-858C-EA800B356F3A}.Release|Any CPU.Build.0 = Release|Any CPU
		{BCBD0AF4-C7F8-4A7A-8EBE-333940603D0A}.Debug|Any CPU.ActiveCfg = Debug|Any CPU
		{BCBD0AF4-C7F8-4A7A-8EBE-333940603D0A}.Debug|Any CPU.Build.0 = Debug|Any CPU
		{BCBD0AF4-C7F8-4A7A-8EBE-333940603D0A}.Release|Any CPU.ActiveCfg = Release|Any CPU
		{BCBD0AF4-C7F8-4A7A-8EBE-333940603D0A}.Release|Any CPU.Build.0 = Release|Any CPU
		{E8E2E010-DA59-4A99-8331-B986B84C0FD2}.Debug|Any CPU.ActiveCfg = Debug|Any CPU
		{E8E2E010-DA59-4A99-8331-B986B84C0FD2}.Debug|Any CPU.Build.0 = Debug|Any CPU
		{E8E2E010-DA59-4A99-8331-B986B84C0FD2}.Release|Any CPU.ActiveCfg = Release|Any CPU
		{E8E2E010-DA59-4A99-8331-B986B84C0FD2}.Release|Any CPU.Build.0 = Release|Any CPU
	EndGlobalSection
	GlobalSection(SolutionProperties) = preSolution
		HideSolutionNode = FALSE
	EndGlobalSection
	GlobalSection(ExtensibilityGlobals) = postSolution
		SolutionGuid = {67B2863C-7D7D-4607-9536-DCCFA7539864}
	EndGlobalSection
EndGlobal
